--hash=sha256:0b66f0cc032e6cd8477228bf11a7ec6aac6eb2528658d749d32ebd85f03be3d8 fastapi==0.114.2
--hash=sha256:6f3a9a4c4e36b5915e4ecdc72305c8e55912cce005c820e38445ed38aa0e4e9e uvicorn[standard]==0.30.6
--hash=sha256:2910b38390979262678d8bc84b7c1a6a01335c16692d6e42ad73ec960cebc423 curl-cffi==0.7.1
--hash=sha256:53c8b22ea2308b02a2ba4202b61f4c84292fa71a20c4cc25e3411cace5b6b507 boto3==1.34.162
--hash=sha256:6df3d5b9ef5ef0bcc8e4e8249501cd99bf7fb6193d1fd59835ed9436ea50f46d requests==2.32.4
--hash=sha256:97cb9f9b6b470d2c88c5cfc7b2e6bb7c54a596a04d43ecef19f7d042c0a043c7 nats-py==2.7.2
--hash=sha256:58e4d9802f829eec4b8fa23fdbcfe588921e7de009160dfd974f0818e4ec0c98 jsonschema==4.22.0
--hash=sha256:2da3f1402cba03e74bb20f640b70f4b40f368fcd37a15eaa3daa7b71cddd66b5 httpx==0.27.0
--hash=sha256:e680379cb6881be3b21f9c70422b307c34c39ee58b4437201badf74c0c4043e9 tenacity==8.4.2
--hash=sha256:a07d453b9037ec9cdb8f4aeb8d0fffc208e9328cdcce8b49b2ae21afdeacfa5e bgutil-ytdlp-pot-provider==1.2.2
--hash=sha256:deaa5fbc9f423888fd9b4ba1bc99d3fe4eb66a540af16fa5f6b2a1e3a4c91f5c pytest-asyncio==0.23.7
