# This file was autogenerated by uv via the following command:
#    uv pip compile pmoves/services/watch-folder-router/requirements.txt -o pmoves/services/watch-folder-router/requirements.lock --python-version 3.11 --python-platform x86_64-manylinux_2_28
annotated-types==0.8.0
    # via pydantic
anyio==4.14.2
    # via
    #   starlette
    #   watchfiles
certifi==2026.7.22
    # via requests
charset-normalizer==3.5.0
    # via requests
click==8.4.2
    # via uvicorn
fastapi==0.114.2
    # via -r pmoves/services/watch-folder-router/requirements.txt
h11==0.16.0
    # via uvicorn
httptools==0.8.0
    # via uvicorn
idna==3.18
    # via
    #   anyio
    #   requests
nats-py==2.7.2
    # via -r pmoves/services/watch-folder-router/requirements.txt
prometheus-client==0.26.0
    # via -r pmoves/services/watch-folder-router/requirements.txt
pydantic==2.13.4
    # via fastapi
pydantic-core==2.46.4
    # via pydantic
python-dotenv==1.2.2
    # via uvicorn
pyyaml==6.0.3
    # via uvicorn
requests==2.33.0
    # via -r pmoves/services/watch-folder-router/requirements.txt
starlette==0.38.6
    # via fastapi
typing-extensions==4.16.0
    # via
    #   anyio
    #   fastapi
    #   pydantic
    #   pydantic-core
    #   typing-inspection
typing-inspection==0.4.4
    # via pydantic
urllib3==2.7.0
    # via requests
uvicorn==0.30.6
    # via -r pmoves/services/watch-folder-router/requirements.txt
uvloop==0.22.1
    # via uvicorn
watchfiles==1.2.0
    # via uvicorn
websockets==17.0.1
    # via uvicorn
