# Temporary constraint mirror; hashed lock could not be generated on Python 3.10 (browser-use requires >=3.11).
# Re-run `uv pip compile requirements.txt --generate-hashes -o requirements.lock` on Python 3.11+ and replace this file.

fastapi
uvicorn
pydantic
nats-py
jsonschema
PyYAML

pytest
pytest-asyncio

a2wsgi
ansio
browser-use
crontab
docker
duckduckgo-search
faiss-cpu
fastmcp
fasta2a
flaredantic
flask[async]
flask-basicauth
GitPython
inputimeout
kokoro
langchain-community
langchain-core
langchain-unstructured[all-docs]
litellm
lxml_html_clean
markdown
markdownify
mcp
nest-asyncio
newspaper3k
openai-whisper
paramiko
pathspec
pdf2image
playwright
psutil
pymupdf
pypdf
python-dotenv
pytesseract
pytz
sentence-transformers
simpleeval
soundfile
tiktoken
unstructured-client
unstructured[all-docs]
webcolors
